
Microsoft Visual Studio Solution File, Format Version 12.00
# Visual Studio Version 17
VisualStudioVersion = 17.12.35527.113
MinimumVisualStudioVersion = 10.0.40219.1
Project("{FAE04EC0-301F-11D3-BF4B-00C04F79EFBC}") = "Gestion_Alumnos.Server", "Gestion_Alumnos.Server\Gestion_Alumnos.Server.csproj", "{1A8C372D-A676-4AE4-841C-67B6F300177E}"
EndProject
Project("{FAE04EC0-301F-11D3-BF4B-00C04F79EFBC}") = "Gestion_Alumnos.BD", "Gestion_Alumnos.BD\Gestion_Alumnos.BD.csproj", "{A5C59578-4DD3-4877-AB05-69D0D421BCEA}"
EndProject
Project("{FAE04EC0-301F-11D3-BF4B-00C04F79EFBC}") = "Gestion_Alumnos.Shared", "Gestion_Alumnos.Shared\Gestion_Alumnos.Shared.csproj", "{F8E9BA2E-6AD5-4592-8250-AD6C062D70AF}"
EndProject
Project("{FAE04EC0-301F-11D3-BF4B-00C04F79EFBC}") = "Gestion_Alumnos.Client", "Gestion_Alumnos.Client\Gestion_Alumnos.Client.csproj", "{0BC74855-45D5-4BE1-8192-C47954DD8217}"
EndProject
Global
	GlobalSection(SolutionConfigurationPlatforms) = preSolution
		Debug|Any CPU = Debug|Any CPU
		Release|Any CPU = Release|Any CPU
	EndGlobalSection
	GlobalSection(ProjectConfigurationPlatforms) = postSolution
		{1A8C372D-A676-4AE4-841C-67B6F300177E}.Debug|Any CPU.ActiveCfg = Debug|Any CPU
		{1A8C372D-A676-4AE4-841C-67B6F300177E}.Debug|Any CPU.Build.0 = Debug|Any CPU
		{1A8C372D-A676-4AE4-841C-67B6F300177E}.Release|Any CPU.ActiveCfg = Release|Any CPU
		{1A8C372D-A676-4AE4-841C-67B6F300177E}.Release|Any CPU.Build.0 = Release|Any CPU
		{A5C59578-4DD3-4877-AB05-69D0D421BCEA}.Debug|Any CPU.ActiveCfg = Debug|Any CPU
		{A5C59578-4DD3-4877-AB05-69D0D421BCEA}.Debug|Any CPU.Build.0 = Debug|Any CPU
		{A5C59578-4DD3-4877-AB05-69D0D421BCEA}.Release|Any CPU.ActiveCfg = Release|Any CPU
		{A5C59578-4DD3-4877-AB05-69D0D421BCEA}.Release|Any CPU.Build.0 = Release|Any CPU
		{F8E9BA2E-6AD5-4592-8250-AD6C062D70AF}.Debug|Any CPU.ActiveCfg = Debug|Any CPU
		{F8E9BA2E-6AD5-4592-8250-AD6C062D70AF}.Debug|Any CPU.Build.0 = Debug|Any CPU
		{F8E9BA2E-6AD5-4592-8250-AD6C062D70AF}.Release|Any CPU.ActiveCfg = Release|Any CPU
		{F8E9BA2E-6AD5-4592-8250-AD6C062D70AF}.Release|Any CPU.Build.0 = Release|Any CPU
		{0BC74855-45D5-4BE1-8192-C47954DD8217}.Debug|Any CPU.ActiveCfg = Debug|Any CPU
		{0BC74855-45D5-4BE1-8192-C47954DD8217}.Debug|Any CPU.Build.0 = Debug|Any CPU
		{0BC74855-45D5-4BE1-8192-C47954DD8217}.Release|Any CPU.ActiveCfg = Release|Any CPU
		{0BC74855-45D5-4BE1-8192-C47954DD8217}.Release|Any CPU.Build.0 = Release|Any CPU
	EndGlobalSection
	GlobalSection(SolutionProperties) = preSolution
		HideSolutionNode = FALSE
	EndGlobalSection
EndGlobal
